
Microsoft Visual Studio Solution File, Format Version 12.00
# Visual Studio Version 17
VisualStudioVersion = 17.9.34701.34
MinimumVisualStudioVersion = 10.0.40219.1
Project("{9A19103F-16F7-4668-BE54-9A1E7A4F7556}") = "Assignment", "Assignment\Assignment.csproj", "{8220F254-D8C3-480D-8841-6A6CF24D6BB9}"
EndProject
Global
	GlobalSection(SolutionConfigurationPlatforms) = preSolution
		Debug|Any CPU = Debug|Any CPU
		Release|Any CPU = Release|Any CPU
	EndGlobalSection
	GlobalSection(ProjectConfigurationPlatforms) = postSolution
		{8220F254-D8C3-480D-8841-6A6CF24D6BB9}.Debug|Any CPU.ActiveCfg = Debug|Any CPU
		{8220F254-D8C3-480D-8841-6A6CF24D6BB9}.Debug|Any CPU.Build.0 = Debug|Any CPU
		{8220F254-D8C3-480D-8841-6A6CF24D6BB9}.Release|Any CPU.ActiveCfg = Release|Any CPU
		{8220F254-D8C3-480D-8841-6A6CF24D6BB9}.Release|Any CPU.Build.0 = Release|Any CPU
	EndGlobalSection
	GlobalSection(SolutionProperties) = preSolution
		HideSolutionNode = FALSE
	EndGlobalSection
	GlobalSection(ExtensibilityGlobals) = postSolution
		SolutionGuid = {D35D54C2-8E01-48A2-8746-B3894446F49E}
	EndGlobalSection
EndGlobal
